
Microsoft Visual Studio Solution File, Format Version 12.00
# Visual Studio Version 17
VisualStudioVersion = 17.9.34728.123
MinimumVisualStudioVersion = 10.0.40219.1
Project("{9A19103F-16F7-4668-BE54-9A1E7A4F7556}") = "Biblioteka.Web", "Bibllioteka.Web\Biblioteka.Web.csproj", "{42246E01-728C-4B82-82D4-29E70F8B31E4}"
EndProject
Project("{9A19103F-16F7-4668-BE54-9A1E7A4F7556}") = "Biblioteka.Model", "Biblioteka.Model\Biblioteka.Model.csproj", "{51643BD7-BDD1-490C-B7D1-68BBB5567359}"
EndProject
Project("{FAE04EC0-301F-11D3-BF4B-00C04F79EFBC}") = "Biblioteka.Api", "Biblioteka.Api\Biblioteka.Api.csproj", "{C6F6EC5C-A110-49A2-B6C4-C873C5A72849}"
EndProject
Global
	GlobalSection(SolutionConfigurationPlatforms) = preSolution
		Debug|Any CPU = Debug|Any CPU
		Release|Any CPU = Release|Any CPU
	EndGlobalSection
	GlobalSection(ProjectConfigurationPlatforms) = postSolution
		{42246E01-728C-4B82-82D4-29E70F8B31E4}.Debug|Any CPU.ActiveCfg = Debug|Any CPU
		{42246E01-728C-4B82-82D4-29E70F8B31E4}.Debug|Any CPU.Build.0 = Debug|Any CPU
		{42246E01-728C-4B82-82D4-29E70F8B31E4}.Release|Any CPU.ActiveCfg = Release|Any CPU
		{42246E01-728C-4B82-82D4-29E70F8B31E4}.Release|Any CPU.Build.0 = Release|Any CPU
		{51643BD7-BDD1-490C-B7D1-68BBB5567359}.Debug|Any CPU.ActiveCfg = Debug|Any CPU
		{51643BD7-BDD1-490C-B7D1-68BBB5567359}.Debug|Any CPU.Build.0 = Debug|Any CPU
		{51643BD7-BDD1-490C-B7D1-68BBB5567359}.Release|Any CPU.ActiveCfg = Release|Any CPU
		{51643BD7-BDD1-490C-B7D1-68BBB5567359}.Release|Any CPU.Build.0 = Release|Any CPU
		{C6F6EC5C-A110-49A2-B6C4-C873C5A72849}.Debug|Any CPU.ActiveCfg = Debug|Any CPU
		{C6F6EC5C-A110-49A2-B6C4-C873C5A72849}.Debug|Any CPU.Build.0 = Debug|Any CPU
		{C6F6EC5C-A110-49A2-B6C4-C873C5A72849}.Release|Any CPU.ActiveCfg = Release|Any CPU
		{C6F6EC5C-A110-49A2-B6C4-C873C5A72849}.Release|Any CPU.Build.0 = Release|Any CPU
	EndGlobalSection
	GlobalSection(SolutionProperties) = preSolution
		HideSolutionNode = FALSE
	EndGlobalSection
	GlobalSection(ExtensibilityGlobals) = postSolution
		SolutionGuid = {985F25B0-5520-473F-97CC-152AFEB2E933}
	EndGlobalSection
EndGlobal
